
Microsoft Visual Studio Solution File, Format Version 12.00
# Visual Studio Version 17
VisualStudioVersion = 17.0.31919.166
MinimumVisualStudioVersion = 10.0.40219.1
Project("{FAE04EC0-301F-11D3-BF4B-00C04F79EFBC}") = "EntityFramework.SqlServer.SimpleBulks", "EntityFramework.SqlServer.SimpleBulks\EntityFramework.SqlServer.SimpleBulks.csproj", "{F798861F-412F-4327-B03A-0F7198341DBF}"
EndProject
Project("{FAE04EC0-301F-11D3-BF4B-00C04F79EFBC}") = "EntityFramework.SqlServer.SimpleBulks.Demo", "EntityFramework.SqlServer.SimpleBulks.Demo\EntityFramework.SqlServer.SimpleBulks.Demo.csproj", "{FC1CC945-839A-43DC-8BF8-DD9DE2B4DE2B}"
EndProject
Global
	GlobalSection(SolutionConfigurationPlatforms) = preSolution
		Debug|Any CPU = Debug|Any CPU
		Release|Any CPU = Release|Any CPU
	EndGlobalSection
	GlobalSection(ProjectConfigurationPlatforms) = postSolution
		{F798861F-412F-4327-B03A-0F7198341DBF}.Debug|Any CPU.ActiveCfg = Debug|Any CPU
		{F798861F-412F-4327-B03A-0F7198341DBF}.Debug|Any CPU.Build.0 = Debug|Any CPU
		{F798861F-412F-4327-B03A-0F7198341DBF}.Release|Any CPU.ActiveCfg = Release|Any CPU
		{F798861F-412F-4327-B03A-0F7198341DBF}.Release|Any CPU.Build.0 = Release|Any CPU
		{FC1CC945-839A-43DC-8BF8-DD9DE2B4DE2B}.Debug|Any CPU.ActiveCfg = Debug|Any CPU
		{FC1CC945-839A-43DC-8BF8-DD9DE2B4DE2B}.Debug|Any CPU.Build.0 = Debug|Any CPU
		{FC1CC945-839A-43DC-8BF8-DD9DE2B4DE2B}.Release|Any CPU.ActiveCfg = Release|Any CPU
		{FC1CC945-839A-43DC-8BF8-DD9DE2B4DE2B}.Release|Any CPU.Build.0 = Release|Any CPU
	EndGlobalSection
	GlobalSection(SolutionProperties) = preSolution
		HideSolutionNode = FALSE
	EndGlobalSection
	GlobalSection(ExtensibilityGlobals) = postSolution
		SolutionGuid = {24F10989-2D0E-4B2C-9660-059CDED4B2E7}
	EndGlobalSection
EndGlobal
